{
    "_meta": {
        "hash": {
            "sha256": "d56f9c08eef2e5a76241a473641e87928cf01c1bce25bedc083db4121ef6709f"
        },
        "pipfile-spec": 6,
        "requires": {
            "python_version": "3.9"
        },
        "sources": [
            {
                "name": "pypi",
                "url": "https://pypi.org/simple",
                "verify_ssl": true
            }
        ]
    },
    "default": {},
    "develop": {}
}
